dependencies:
- name: main-consumer
  repository: file://./main-consumer
  version: 0.1.0
- name: proxy-consumer
  repository: file://./proxy-consumer
  version: 0.1.0
- name: destination-consumer
  repository: file://./destination-consumer
  version: 0.1.0
digest: sha256:4b703f36219ec2ed69111f46b639920c63675cf71e1d9d8e18789034b1c6e8f7
generated: "2024-10-02T09:55:39.938879+03:00"
