dependencies:
- name: rio-api
  repository: file://../../rio-common/rio-api
  version: 0.1.0
- name: rio-scheduler-api
  repository: file://../../rio-common/rio-scheduler-api
  version: 0.1.0
- name: rio-scheduler-task-consumer
  repository: file://../../rio-common/rio-scheduler-task-consumer
  version: 0.1.0
- name: rio-scheduler-async-consumer
  repository: file://../../rio-common/rio-scheduler-async-consumer
  version: 0.1.0
- name: rio-scheduler-cron-consumer
  repository: file://../../rio-common/rio-scheduler-cron-consumer
  version: 0.1.0
- name: rio-rdk
  repository: file://../../rio-common/rio-rdk
  version: 0.1.0
- name: rio-watcher-socket-io
  repository: file://../../rio-common/rio-watcher-socket-io
  version: 0.1.0
- name: rio-watcher-client-server-socket-io
  repository: file://../../rio-common/rio-watcher-client-server-socket-io
  version: 0.1.0
digest: sha256:afbcbeba0328f96d08aeabc67306a697fdadee8ac64d75c277de9176f6587778
generated: "2025-02-19T12:58:07.349537+03:00"
