dependencies:
- name: rio-api
  repository: file://../../rio-common/rio-api
  version: 0.1.0
- name: rio-scheduler-api
  repository: file://../../rio-common/rio-scheduler-api
  version: 0.1.0
- name: rio-scheduler-task-consumer
  repository: file://../../rio-common/rio-scheduler-task-consumer
  version: 0.1.0
- name: rio-scheduler-async-consumer
  repository: file://../../rio-common/rio-scheduler-async-consumer
  version: 0.1.0
- name: rio-scheduler-cron-consumer
  repository: file://../../rio-common/rio-scheduler-cron-consumer
  version: 0.1.0
- name: rio-scheduler-dashboard
  repository: file://../../rio-common/rio-scheduler-dashboard
  version: 0.1.0
- name: rio-rdk
  repository: file://../../rio-common/rio-rdk
  version: 0.1.0
digest: sha256:7fc98e193f6857c5e9cbb63e0759ed5c2a13561a38794c60276ffdf6ccf4de13
generated: "2024-12-18T15:23:08.318639+03:00"
