dependencies:
- name: rio-api
  repository: file://../../rio-common/rio-api
  version: 0.1.0
- name: rio-scheduler-api
  repository: file://../../rio-common/rio-scheduler-api
  version: 0.1.0
- name: rio-scheduler-task-consumer
  repository: file://../../rio-common/rio-scheduler-task-consumer
  version: 0.1.0
- name: rio-scheduler-async-consumer
  repository: file://../../rio-common/rio-scheduler-async-consumer
  version: 0.1.0
- name: rio-scheduler-cron-consumer
  repository: file://../../rio-common/rio-scheduler-cron-consumer
  version: 0.1.0
- name: rio-rdk
  repository: file://../../rio-common/rio-rdk
  version: 0.1.0
- name: rio-scan-job-consumer
  repository: file://../../rio-common/rio-scan-job-consumer
  version: 0.1.0
digest: sha256:54bbca27237ed681d8548324f00c74e08e4b2f75b7c16fc73be715cccc73f148
generated: "2025-03-19T12:01:55.376268+03:00"
